
Microsoft Visual Studio Solution File, Format Version 12.00
# Visual Studio Version 17
VisualStudioVersion = 17.14.36414.22
MinimumVisualStudioVersion = 10.0.40219.1
Project("{FAE04EC0-301F-11D3-BF4B-00C04F79EFBC}") = "NutriAI", "NutriAI\NutriAI.csproj", "{F24E9E8B-C431-4AB1-9EC2-F6661646F4AB}"
EndProject
Project("{FAE04EC0-301F-11D3-BF4B-00C04F79EFBC}") = "NutriAIServicio", "NutriAIServicio\NutriAIServicio.csproj", "{4B923BF1-859A-4B83-9E5E-F044BD156439}"
EndProject
Project("{FAE04EC0-301F-11D3-BF4B-00C04F79EFBC}") = "Entidad", "Entidad\Entidad.csproj", "{49F801B7-6068-4245-B9C1-FF7A5B195FF6}"
EndProject
Global
	GlobalSection(SolutionConfigurationPlatforms) = preSolution
		Debug|Any CPU = Debug|Any CPU
		Release|Any CPU = Release|Any CPU
	EndGlobalSection
	GlobalSection(ProjectConfigurationPlatforms) = postSolution
		{F24E9E8B-C431-4AB1-9EC2-F6661646F4AB}.Debug|Any CPU.ActiveCfg = Debug|Any CPU
		{F24E9E8B-C431-4AB1-9EC2-F6661646F4AB}.Debug|Any CPU.Build.0 = Debug|Any CPU
		{F24E9E8B-C431-4AB1-9EC2-F6661646F4AB}.Release|Any CPU.ActiveCfg = Release|Any CPU
		{F24E9E8B-C431-4AB1-9EC2-F6661646F4AB}.Release|Any CPU.Build.0 = Release|Any CPU
		{4B923BF1-859A-4B83-9E5E-F044BD156439}.Debug|Any CPU.ActiveCfg = Debug|Any CPU
		{4B923BF1-859A-4B83-9E5E-F044BD156439}.Debug|Any CPU.Build.0 = Debug|Any CPU
		{4B923BF1-859A-4B83-9E5E-F044BD156439}.Release|Any CPU.ActiveCfg = Release|Any CPU
		{4B923BF1-859A-4B83-9E5E-F044BD156439}.Release|Any CPU.Build.0 = Release|Any CPU
		{49F801B7-6068-4245-B9C1-FF7A5B195FF6}.Debug|Any CPU.ActiveCfg = Debug|Any CPU
		{49F801B7-6068-4245-B9C1-FF7A5B195FF6}.Debug|Any CPU.Build.0 = Debug|Any CPU
		{49F801B7-6068-4245-B9C1-FF7A5B195FF6}.Release|Any CPU.ActiveCfg = Release|Any CPU
		{49F801B7-6068-4245-B9C1-FF7A5B195FF6}.Release|Any CPU.Build.0 = Release|Any CPU
	EndGlobalSection
	GlobalSection(SolutionProperties) = preSolution
		HideSolutionNode = FALSE
	EndGlobalSection
	GlobalSection(ExtensibilityGlobals) = postSolution
		SolutionGuid = {749300A9-F281-4239-9885-CDAC8509140B}
	EndGlobalSection
EndGlobal
